
Microsoft Visual Studio Solution File, Format Version 12.00
# Visual Studio Version 16
VisualStudioVersion = 16.0.31702.278
MinimumVisualStudioVersion = 10.0.40219.1
Project("{FAE04EC0-301F-11D3-BF4B-00C04F79EFBC}") = "API Carros", "API Carros\API Carros.csproj", "{C643C4F8-F027-447A-A0DF-025E6E7B41DC}"
EndProject
Global
	GlobalSection(SolutionConfigurationPlatforms) = preSolution
		Debug|Any CPU = Debug|Any CPU
		Release|Any CPU = Release|Any CPU
	EndGlobalSection
	GlobalSection(ProjectConfigurationPlatforms) = postSolution
		{C643C4F8-F027-447A-A0DF-025E6E7B41DC}.Debug|Any CPU.ActiveCfg = Debug|Any CPU
		{C643C4F8-F027-447A-A0DF-025E6E7B41DC}.Debug|Any CPU.Build.0 = Debug|Any CPU
		{C643C4F8-F027-447A-A0DF-025E6E7B41DC}.Release|Any CPU.ActiveCfg = Release|Any CPU
		{C643C4F8-F027-447A-A0DF-025E6E7B41DC}.Release|Any CPU.Build.0 = Release|Any CPU
	EndGlobalSection
	GlobalSection(SolutionProperties) = preSolution
		HideSolutionNode = FALSE
	EndGlobalSection
	GlobalSection(ExtensibilityGlobals) = postSolution
		SolutionGuid = {954FAE25-9385-46B4-97E5-8FC56FDBE068}
	EndGlobalSection
EndGlobal
